
Microsoft Visual Studio Solution File, Format Version 12.00
# Visual Studio Version 17
VisualStudioVersion = 17.2.32526.322
MinimumVisualStudioVersion = 10.0.40219.1
Project("{FAE04EC0-301F-11D3-BF4B-00C04F79EFBC}") = "Task3Barinov", "Task3Barinov\Task3Barinov.csproj", "{C5313F6C-2E33-41D3-9A83-EA450502DE1D}"
EndProject
Global
	GlobalSection(SolutionConfigurationPlatforms) = preSolution
		Debug|Any CPU = Debug|Any CPU
		Release|Any CPU = Release|Any CPU
	EndGlobalSection
	GlobalSection(ProjectConfigurationPlatforms) = postSolution
		{C5313F6C-2E33-41D3-9A83-EA450502DE1D}.Debug|Any CPU.ActiveCfg = Debug|Any CPU
		{C5313F6C-2E33-41D3-9A83-EA450502DE1D}.Debug|Any CPU.Build.0 = Debug|Any CPU
		{C5313F6C-2E33-41D3-9A83-EA450502DE1D}.Release|Any CPU.ActiveCfg = Release|Any CPU
		{C5313F6C-2E33-41D3-9A83-EA450502DE1D}.Release|Any CPU.Build.0 = Release|Any CPU
	EndGlobalSection
	GlobalSection(SolutionProperties) = preSolution
		HideSolutionNode = FALSE
	EndGlobalSection
	GlobalSection(ExtensibilityGlobals) = postSolution
		SolutionGuid = {48692683-80EF-473A-9B5B-3EABB5CA516A}
	EndGlobalSection
EndGlobal
